// !$*UTF8*$!
{
	archiveVersion = 1;
	classes = {
	};
	objectVersion = 46;
	objects = {

/* Begin PBXBuildFile section */
		C570DAF31EF2616600630E4C /* main.m in Sources */ = {isa = PBXBuildFile; fileRef = C570DAF21EF2616600630E4C /* main.m */; };
		C570DAF61EF2616600630E4C /* AppDelegate.m in Sources */ = {isa = PBXBuildFile; fileRef = C570DAF51EF2616600630E4C /* AppDelegate.m */; };
		C570DAF91EF2616600630E4C /* ViewController.m in Sources */ = {isa = PBXBuildFile; fileRef = C570DAF81EF2616600630E4C /* ViewController.m */; };
		C570DAFC1EF2616600630E4C /* Main.storyboard in Resources */ = {isa = PBXBuildFile; fileRef = C570DAFA1EF2616600630E4C /* Main.storyboard */; };
		C570DAFE1EF2616600630E4C /* Assets.xcassets in Resources */ = {isa = PBXBuildFile; fileRef = C570DAFD1EF2616600630E4C /* Assets.xcassets */; };
		C570DB011EF2616600630E4C /* LaunchScreen.storyboard in Resources */ = {isa = PBXBuildFile; fileRef = C570DAFF1EF2616600630E4C /* LaunchScreen.storyboard */; };
		C570DB0C1EF2616600630E4C /* SDEmojiTextView_ocUITests.m in Sources */ = {isa = PBXBuildFile; fileRef = C570DB0B1EF2616600630E4C /* SDEmojiTextView_ocUITests.m */; };
/* End PBXBuildFile section */

/* Begin PBXContainerItemProxy section */
		C570DB081EF2616600630E4C /* PBXContainerItemProxy */ = {
			isa = PBXContainerItemProxy;
			containerPortal = C570DAE61EF2616600630E4C /* Project object */;
			proxyType = 1;
			remoteGlobalIDString = C570DAED1EF2616600630E4C;
			remoteInfo = SDEmojiTextView_oc;
		};
/* End PBXContainerItemProxy section */

/* Begin PBXFileReference section */
		C570DAEE1EF2616600630E4C /* SDEmojiTextView_oc.app */ = {isa = PBXFileReference; explicitFileType = wrapper.application; includeInIndex = 0; path = SDEmojiTextView_oc.app; sourceTree = BUILT_PRODUCTS_DIR; };
		C570DAF21EF2616600630E4C /* main.m */ = {isa = PBXFileReference; lastKnownFileType = sourcecode.c.objc; path = main.m; sourceTree = "<group>"; };
		C570DAF41EF2616600630E4C /* AppDelegate.h */ = {isa = PBXFileReference; lastKnownFileType = sourcecode.c.h; path = AppDelegate.h; sourceTree = "<group>"; };
		C570DAF51EF2616600630E4C /* AppDelegate.m */ = {isa = PBXFileReference; lastKnownFileType = sourcecode.c.objc; path = AppDelegate.m; sourceTree = "<group>"; };
		C570DAF71EF2616600630E4C /* ViewController.h */ = {isa = PBXFileReference; lastKnownFileType = sourcecode.c.h; path = ViewController.h; sourceTree = "<group>"; };
		C570DAF81EF2616600630E4C /* ViewController.m */ = {isa = PBXFileReference; lastKnownFileType = sourcecode.c.objc; path = ViewController.m; sourceTree = "<group>"; };
		C570DAFB1EF2616600630E4C /* Base */ = {isa = PBXFileReference; lastKnownFileType = file.storyboard; name = Base; path = Base.lproj/Main.storyboard; sourceTree = "<group>"; };
		C570DAFD1EF2616600630E4C /* Assets.xcassets */ = {isa = PBXFileReference; lastKnownFileType = folder.assetcatalog; path = Assets.xcassets; sourceTree = "<group>"; };
		C570DB001EF2616600630E4C /* Base */ = {isa = PBXFileReference; lastKnownFileType = file.storyboard; name = Base; path = Base.lproj/LaunchScreen.storyboard; sourceTree = "<group>"; };
		C570DB021EF2616600630E4C /* Info.plist */ = {isa = PBXFileReference; lastKnownFileType = text.plist.xml; path = Info.plist; sourceTree = "<group>"; };
		C570DB071EF2616600630E4C /* SDEmojiTextView_ocUITests.xctest */ = {isa = PBXFileReference; explicitFileType = wrapper.cfbundle; includeInIndex = 0; path = SDEmojiTextView_ocUITests.xctest; sourceTree = BUILT_PRODUCTS_DIR; };
		C570DB0B1EF2616600630E4C /* SDEmojiTextView_ocUITests.m */ = {isa = PBXFileReference; lastKnownFileType = sourcecode.c.objc; path = SDEmojiTextView_ocUITests.m; sourceTree = "<group>"; };
		C570DB0D1EF2616600630E4C /* Info.plist */ = {isa = PBXFileReference; lastKnownFileType = text.plist.xml; path = Info.plist; sourceTree = "<group>"; };
/* End PBXFileReference section */

/* Begin PBXFrameworksBuildPhase section */
		C570DAEB1EF2616600630E4C /* Frameworks */ = {
			isa = PBXFrameworksBuildPhase;
			buildActionMask = 2147483647;
			files = (
			);
			runOnlyForDeploymentPostprocessing = 0;
		};
		C570DB041EF2616600630E4C /* Frameworks */ = {
			isa = PBXFrameworksBuildPhase;
			buildActionMask = 2147483647;
			files = (
			);
			runOnlyForDeploymentPostprocessing = 0;
		};
/* End PBXFrameworksBuildPhase section */

/* Begin PBXGroup section */
		C570DAE51EF2616600630E4C = {
			isa = PBXGroup;
			children = (
				C570DAF01EF2616600630E4C /* SDEmojiTextView_oc */,
				C570DB0A1EF2616600630E4C /* SDEmojiTextView_ocUITests */,
				C570DAEF1EF2616600630E4C /* Products */,
			);
			sourceTree = "<group>";
		};
		C570DAEF1EF2616600630E4C /* Products */ = {
			isa = PBXGroup;
			children = (
				C570DAEE1EF2616600630E4C /* SDEmojiTextView_oc.app */,
				C570DB071EF2616600630E4C /* SDEmojiTextView_ocUITests.xctest */,
			);
			name = Products;
			sourceTree = "<group>";
		};
		C570DAF01EF2616600630E4C /* SDEmojiTextView_oc */ = {
			isa = PBXGroup;
			children = (
				C570DAF41EF2616600630E4C /* AppDelegate.h */,
				C570DAF51EF2616600630E4C /* AppDelegate.m */,
				C570DAF71EF2616600630E4C /* ViewController.h */,
				C570DAF81EF2616600630E4C /* ViewController.m */,
				C570DAFA1EF2616600630E4C /* Main.storyboard */,
				C570DAFD1EF2616600630E4C /* Assets.xcassets */,
				C570DAFF1EF2616600630E4C /* LaunchScreen.storyboard */,
				C570DB021EF2616600630E4C /* Info.plist */,
				C570DAF11EF2616600630E4C /* Supporting Files */,
			);
			path = SDEmojiTextView_oc;
			sourceTree = "<group>";
		};
		C570DAF11EF2616600630E4C /* Supporting Files */ = {
			isa = PBXGroup;
			children = (
				C570DAF21EF2616600630E4C /* main.m */,
			);
			name = "Supporting Files";
			sourceTree = "<group>";
		};
		C570DB0A1EF2616600630E4C /* SDEmojiTextView_ocUITests */ = {
			isa = PBXGroup;
			children = (
				C570DB0B1EF2616600630E4C /* SDEmojiTextView_ocUITests.m */,
				C570DB0D1EF2616600630E4C /* Info.plist */,
			);
			path = SDEmojiTextView_ocUITests;
			sourceTree = "<group>";
		};
/* End PBXGroup section */

/* Begin PBXNativeTarget section */
		C570DAED1EF2616600630E4C /* SDEmojiTextView_oc */ = {
			isa = PBXNativeTarget;
			buildConfigurationList = C570DB101EF2616600630E4C /* Build configuration list for PBXNativeTarget "SDEmojiTextView_oc" */;
			buildPhases = (
				C570DAEA1EF2616600630E4C /* Sources */,
				C570DAEB1EF2616600630E4C /* Frameworks */,
				C570DAEC1EF2616600630E4C /* Resources */,
			);
			buildRules = (
			);
			dependencies = (
			);
			name = SDEmojiTextView_oc;
			productName = SDEmojiTextView_oc;
			productReference = C570DAEE1EF2616600630E4C /* SDEmojiTextView_oc.app */;
			productType = "com.apple.product-type.application";
		};
		C570DB061EF2616600630E4C /* SDEmojiTextView_ocUITests */ = {
			isa = PBXNativeTarget;
			buildConfigurationList = C570DB131EF2616600630E4C /* Build configuration list for PBXNativeTarget "SDEmojiTextView_ocUITests" */;
			buildPhases = (
				C570DB031EF2616600630E4C /* Sources */,
				C570DB041EF2616600630E4C /* Frameworks */,
				C570DB051EF2616600630E4C /* Resources */,
			);
			buildRules = (
			);
			dependencies = (
				C570DB091EF2616600630E4C /* PBXTargetDependency */,
			);
			name = SDEmojiTextView_ocUITests;
			productName = SDEmojiTextView_ocUITests;
			productReference = C570DB071EF2616600630E4C /* SDEmojiTextView_ocUITests.xctest */;
			productType = "com.apple.product-type.bundle.ui-testing";
		};
/* End PBXNativeTarget section */

/* Begin PBXProject section */
		C570DAE61EF2616600630E4C /* Project object */ = {
			isa = PBXProject;
			attributes = {
				LastUpgradeCheck = 0830;
				ORGANIZATIONNAME = shansander;
				TargetAttributes = {
					C570DAED1EF2616600630E4C = {
						CreatedOnToolsVersion = 8.3.2;
						DevelopmentTeam = 778546W9LD;
						ProvisioningStyle = Automatic;
					};
					C570DB061EF2616600630E4C = {
						CreatedOnToolsVersion = 8.3.2;
						DevelopmentTeam = 778546W9LD;
						ProvisioningStyle = Automatic;
						TestTargetID = C570DAED1EF2616600630E4C;
					};
				};
			};
			buildConfigurationList = C570DAE91EF2616600630E4C /* Build configuration list for PBXProject "SDEmojiTextView_oc" */;
			compatibilityVersion = "Xcode 3.2";
			developmentRegion = English;
			hasScannedForEncodings = 0;
			knownRegions = (
				en,
				Base,
			);
			mainGroup = C570DAE51EF2616600630E4C;
			productRefGroup = C570DAEF1EF2616600630E4C /* Products */;
			projectDirPath = "";
			projectRoot = "";
			targets = (
				C570DAED1EF2616600630E4C /* SDEmojiTextView_oc */,
				C570DB061EF2616600630E4C /* SDEmojiTextView_ocUITests */,
			);
		};
/* End PBXProject section */

/* Begin PBXResourcesBuildPhase section */
		C570DAEC1EF2616600630E4C /* Resources */ = {
			isa = PBXResourcesBuildPhase;
			buildActionMask = 2147483647;
			files = (
				C570DB011EF2616600630E4C /* LaunchScreen.storyboard in Resources */,
				C570DAFE1EF2616600630E4C /* Assets.xcassets in Resources */,
				C570DAFC1EF2616600630E4C /* Main.storyboard in Resources */,
			);
			runOnlyForDeploymentPostprocessing = 0;
		};
		C570DB051EF2616600630E4C /* Resources */ = {
			isa = PBXResourcesBuildPhase;
			buildActionMask = 2147483647;
			files = (
			);
			runOnlyForDeploymentPostprocessing = 0;
		};
/* End PBXResourcesBuildPhase section */

/* Begin PBXSourcesBuildPhase section */
		C570DAEA1EF2616600630E4C /* Sources */ = {
			isa = PBXSourcesBuildPhase;
			buildActionMask = 2147483647;
			files = (
				C570DAF91EF2616600630E4C /* ViewController.m in Sources */,
				C570DAF61EF2616600630E4C /* AppDelegate.m in Sources */,
				C570DAF31EF2616600630E4C /* main.m in Sources */,
			);
			runOnlyForDeploymentPostprocessing = 0;
		};
		C570DB031EF2616600630E4C /* Sources */ = {
			isa = PBXSourcesBuildPhase;
			buildActionMask = 2147483647;
			files = (
				C570DB0C1EF2616600630E4C /* SDEmojiTextView_ocUITests.m in Sources */,
			);
			runOnlyForDeploymentPostprocessing = 0;
		};
/* End PBXSourcesBuildPhase section */

/* Begin PBXTargetDependency section */
		C570DB091EF2616600630E4C /* PBXTargetDependency */ = {
			isa = PBXTargetDependency;
			target = C570DAED1EF2616600630E4C /* SDEmojiTextView_oc */;
			targetProxy = C570DB081EF2616600630E4C /* PBXContainerItemProxy */;
		};
/* End PBXTargetDependency section */

/* Begin PBXVariantGroup section */
		C570DAFA1EF2616600630E4C /* Main.storyboard */ = {
			isa = PBXVariantGroup;
			children = (
				C570DAFB1EF2616600630E4C /* Base */,
			);
			name = Main.storyboard;
			sourceTree = "<group>";
		};
		C570DAFF1EF2616600630E4C /* LaunchScreen.storyboard */ = {
			isa = PBXVariantGroup;
			children = (
				C570DB001EF2616600630E4C /* Base */,
			);
			name = LaunchScreen.storyboard;
			sourceTree = "<group>";
		};
/* End PBXVariantGroup section */

/* Begin XCBuildConfiguration section */
		C570DB0E1EF2616600630E4C /* Debug */ = {
			isa = XCBuildConfiguration;
			buildSettings = {
				ALWAYS_SEARCH_USER_PATHS = NO;
				CLANG_ANALYZER_NONNULL = YES;
				CLANG_ANALYZER_NUMBER_OBJECT_CONVERSION = YES_AGGRESSIVE;
				CLANG_CXX_LANGUAGE_STANDARD = "gnu++0x";
				CLANG_CXX_LIBRARY = "libc++";
				CLANG_ENABLE_MODULES = YES;
				CLANG_ENABLE_OBJC_ARC = YES;
				CLANG_WARN_BOOL_CONVERSION = YES;
				CLANG_WARN_CONSTANT_CONVERSION = YES;
				CLANG_WARN_DIRECT_OBJC_ISA_USAGE = YES_ERROR;
				CLANG_WARN_DOCUMENTATION_COMMENTS = YES;
				CLANG_WARN_EMPTY_BODY = YES;
				CLANG_WARN_ENUM_CONVERSION = YES;
				CLANG_WARN_INFINITE_RECURSION = YES;
				CLANG_WARN_INT_CONVERSION = YES;
				CLANG_WARN_OBJC_ROOT_CLASS = YES_ERROR;
				CLANG_WARN_SUSPICIOUS_MOVE = YES;
				CLANG_WARN_UNREACHABLE_CODE = YES;
				CLANG_WARN__DUPLICATE_METHOD_MATCH = YES;
				"CODE_SIGN_IDENTITY[sdk=iphoneos*]" = "iPhone Developer";
				COPY_PHASE_STRIP = NO;
				DEBUG_INFORMATION_FORMAT = dwarf;
				ENABLE_STRICT_OBJC_MSGSEND = YES;
				ENABLE_TESTABILITY = YES;
				GCC_C_LANGUAGE_STANDARD = gnu99;
				GCC_DYNAMIC_NO_PIC = NO;
				GCC_NO_COMMON_BLOCKS = YES;
				GCC_OPTIMIZATION_LEVEL = 0;
				GCC_PREPROCESSOR_DEFINITIONS = (
					"DEBUG=1",
					"$(inherited)",
				);
				GCC_WARN_64_TO_32_BIT_CONVERSION = YES;
				GCC_WARN_ABOUT_RETURN_TYPE = YES_ERROR;
				GCC_WARN_UNDECLARED_SELECTOR = YES;
				GCC_WARN_UNINITIALIZED_AUTOS = YES_AGGRESSIVE;
				GCC_WARN_UNUSED_FUNCTION = YES;
				GCC_WARN_UNUSED_VARIABLE = YES;
				IPHONEOS_DEPLOYMENT_TARGET = 10.3;
				MTL_ENABLE_DEBUG_INFO = YES;
				ONLY_ACTIVE_ARCH = YES;
				SDKROOT = iphoneos;
			};
			name = Debug;
		};
		C570DB0F1EF2616600630E4C /* Release */ = {
			isa = XCBuildConfiguration;
			buildSettings = {
				ALWAYS_SEARCH_USER_PATHS = NO;
				CLANG_ANALYZER_NONNULL = YES;
				CLANG_ANALYZER_NUMBER_OBJECT_CONVERSION = YES_AGGRESSIVE;
				CLANG_CXX_LANGUAGE_STANDARD = "gnu++0x";
				CLANG_CXX_LIBRARY = "libc++";
				CLANG_ENABLE_MODULES = YES;
				CLANG_ENABLE_OBJC_ARC = YES;
				CLANG_WARN_BOOL_CONVERSION = YES;
				CLANG_WARN_CONSTANT_CONVERSION = YES;
				CLANG_WARN_DIRECT_OBJC_ISA_USAGE = YES_ERROR;
				CLANG_WARN_DOCUMENTATION_COMMENTS = YES;
				CLANG_WARN_EMPTY_BODY = YES;
				CLANG_WARN_ENUM_CONVERSION = YES;
				CLANG_WARN_INFINITE_RECURSION = YES;
				CLANG_WARN_INT_CONVERSION = YES;
				CLANG_WARN_OBJC_ROOT_CLASS = YES_ERROR;
				CLANG_WARN_SUSPICIOUS_MOVE = YES;
				CLANG_WARN_UNREACHABLE_CODE = YES;
				CLANG_WARN__DUPLICATE_METHOD_MATCH = YES;
				"CODE_SIGN_IDENTITY[sdk=iphoneos*]" = "iPhone Developer";
				COPY_PHASE_STRIP = NO;
				DEBUG_INFORMATION_FORMAT = "dwarf-with-dsym";
				ENABLE_NS_ASSERTIONS = NO;
				ENABLE_STRICT_OBJC_MSGSEND = YES;
				GCC_C_LANGUAGE_STANDARD = gnu99;
				GCC_NO_COMMON_BLOCKS = YES;
				GCC_WARN_64_TO_32_BIT_CONVERSION = YES;
				GCC_WARN_ABOUT_RETURN_TYPE = YES_ERROR;
				GCC_WARN_UNDECLARED_SELECTOR = YES;
				GCC_WARN_UNINITIALIZED_AUTOS = YES_AGGRESSIVE;
				GCC_WARN_UNUSED_FUNCTION = YES;
				GCC_WARN_UNUSED_VARIABLE = YES;
				IPHONEOS_DEPLOYMENT_TARGET = 10.3;
				MTL_ENABLE_DEBUG_INFO = NO;
				SDKROOT = iphoneos;
				VALIDATE_PRODUCT = YES;
			};
			name = Release;
		};
		C570DB111EF2616600630E4C /* Debug */ = {
			isa = XCBuildConfiguration;
			buildSettings = {
				ASSETCATALOG_COMPILER_APPICON_NAME = AppIcon;
				DEVELOPMENT_TEAM = 778546W9LD;
				INFOPLIST_FILE = SDEmojiTextView_oc/Info.plist;
				LD_RUNPATH_SEARCH_PATHS = "$(inherited) @executable_path/Frameworks";
				PRODUCT_BUNDLE_IDENTIFIER = "com.aico.-.SDEmojiTextView-oc";
				PRODUCT_NAME = "$(TARGET_NAME)";
			};
			name = Debug;
		};
		C570DB121EF2616600630E4C /* Release */ = {
			isa = XCBuildConfiguration;
			buildSettings = {
				ASSETCATALOG_COMPILER_APPICON_NAME = AppIcon;
				DEVELOPMENT_TEAM = 778546W9LD;
				INFOPLIST_FILE = SDEmojiTextView_oc/Info.plist;
				LD_RUNPATH_SEARCH_PATHS = "$(inherited) @executable_path/Frameworks";
				PRODUCT_BUNDLE_IDENTIFIER = "com.aico.-.SDEmojiTextView-oc";
				PRODUCT_NAME = "$(TARGET_NAME)";
			};
			name = Release;
		};
		C570DB141EF2616600630E4C /* Debug */ = {
			isa = XCBuildConfiguration;
			buildSettings = {
				DEVELOPMENT_TEAM = 778546W9LD;
				INFOPLIST_FILE = SDEmojiTextView_ocUITests/Info.plist;
				LD_RUNPATH_SEARCH_PATHS = "$(inherited) @executable_path/Frameworks @loader_path/Frameworks";
				PRODUCT_BUNDLE_IDENTIFIER = "com.aico.-.SDEmojiTextView-ocUITests";
				PRODUCT_NAME = "$(TARGET_NAME)";
				TEST_TARGET_NAME = SDEmojiTextView_oc;
			};
			name = Debug;
		};
		C570DB151EF2616600630E4C /* Release */ = {
			isa = XCBuildConfiguration;
			buildSettings = {
				DEVELOPMENT_TEAM = 778546W9LD;
				INFOPLIST_FILE = SDEmojiTextView_ocUITests/Info.plist;
				LD_RUNPATH_SEARCH_PATHS = "$(inherited) @executable_path/Frameworks @loader_path/Frameworks";
				PRODUCT_BUNDLE_IDENTIFIER = "com.aico.-.SDEmojiTextView-ocUITests";
				PRODUCT_NAME = "$(TARGET_NAME)";
				TEST_TARGET_NAME = SDEmojiTextView_oc;
			};
			name = Release;
		};
/* End XCBuildConfiguration section */

/* Begin XCConfigurationList section */
		C570DAE91EF2616600630E4C /* Build configuration list for PBXProject "SDEmojiTextView_oc" */ = {
			isa = XCConfigurationList;
			buildConfigurations = (
				C570DB0E1EF2616600630E4C /* Debug */,
				C570DB0F1EF2616600630E4C /* Release */,
			);
			defaultConfigurationIsVisible = 0;
			defaultConfigurationName = Release;
		};
		C570DB101EF2616600630E4C /* Build configuration list for PBXNativeTarget "SDEmojiTextView_oc" */ = {
			isa = XCConfigurationList;
			buildConfigurations = (
				C570DB111EF2616600630E4C /* Debug */,
				C570DB121EF2616600630E4C /* Release */,
			);
			defaultConfigurationIsVisible = 0;
		};
		C570DB131EF2616600630E4C /* Build configuration list for PBXNativeTarget "SDEmojiTextView_ocUITests" */ = {
			isa = XCConfigurationList;
			buildConfigurations = (
				C570DB141EF2616600630E4C /* Debug */,
				C570DB151EF2616600630E4C /* Release */,
			);
			defaultConfigurationIsVisible = 0;
		};
/* End XCConfigurationList section */
	};
	rootObject = C570DAE61EF2616600630E4C /* Project object */;
}
